// !$*UTF8*$!
{
	archiveVersion = 1;
	classes = {
	};
	objectVersion = 50;
	objects = {

/* Begin PBXBuildFile section */
		34500DC2240482B000838A8F /* AppDelegate.swift in Sources */ = {isa = PBXBuildFile; fileRef = 34500DC1240482B000838A8F /* AppDelegate.swift */; };
		34500DC4240482B000838A8F /* SceneDelegate.swift in Sources */ = {isa = PBXBuildFile; fileRef = 34500DC3240482B000838A8F /* SceneDelegate.swift */; };
		34500DC6240482B000838A8F /* VendingMachine + ViewController.swift in Sources */ = {isa = PBXBuildFile; fileRef = 34500DC5240482B000838A8F /* VendingMachine + ViewController.swift */; };
		34500DC9240482B000838A8F /* Main.storyboard in Resources */ = {isa = PBXBuildFile; fileRef = 34500DC7240482B000838A8F /* Main.storyboard */; };
		34500DCE240482B100838A8F /* Assets.xcassets in Resources */ = {isa = PBXBuildFile; fileRef = 34500DCD240482B100838A8F /* Assets.xcassets */; };
		34500DD1240482B100838A8F /* LaunchScreen.storyboard in Resources */ = {isa = PBXBuildFile; fileRef = 34500DCF240482B100838A8F /* LaunchScreen.storyboard */; };
		34500DDC240482B100838A8F /* VendingMachineTests.swift in Sources */ = {isa = PBXBuildFile; fileRef = 34500DDB240482B100838A8F /* VendingMachineTests.swift */; };
		34500DE7240482B100838A8F /* VendingMachineUITests.swift in Sources */ = {isa = PBXBuildFile; fileRef = 34500DE6240482B100838A8F /* VendingMachineUITests.swift */; };
		34500DF524048E2600838A8F /* VendingMachine + Presenter.swift in Sources */ = {isa = PBXBuildFile; fileRef = 34500DF424048E2600838A8F /* VendingMachine + Presenter.swift */; };
		34500DF72404D84C00838A8F /* Enum.swift in Sources */ = {isa = PBXBuildFile; fileRef = 34500DF62404D84C00838A8F /* Enum.swift */; };
		34500DF92404D86400838A8F /* Constant.swift in Sources */ = {isa = PBXBuildFile; fileRef = 34500DF82404D86400838A8F /* Constant.swift */; };
		34500DFB2404D88900838A8F /* VendingMachine + Extension.swift in Sources */ = {isa = PBXBuildFile; fileRef = 34500DFA2404D88800838A8F /* VendingMachine + Extension.swift */; };
		34500DFD2404D8CB00838A8F /* Model.swift in Sources */ = {isa = PBXBuildFile; fileRef = 34500DFC2404D8CB00838A8F /* Model.swift */; };
/* End PBXBuildFile section */

/* Begin PBXContainerItemProxy section */
		34500DD8240482B100838A8F /* PBXContainerItemProxy */ = {
			isa = PBXContainerItemProxy;
			containerPortal = 34500DB6240482B000838A8F /* Project object */;
			proxyType = 1;
			remoteGlobalIDString = 34500DBD240482B000838A8F;
			remoteInfo = VendingMachine;
		};
		34500DE3240482B100838A8F /* PBXContainerItemProxy */ = {
			isa = PBXContainerItemProxy;
			containerPortal = 34500DB6240482B000838A8F /* Project object */;
			proxyType = 1;
			remoteGlobalIDString = 34500DBD240482B000838A8F;
			remoteInfo = VendingMachine;
		};
/* End PBXContainerItemProxy section */

/* Begin PBXFileReference section */
		34500DBE240482B000838A8F /* VendingMachine.app */ = {isa = PBXFileReference; explicitFileType = wrapper.application; includeInIndex = 0; path = VendingMachine.app; sourceTree = BUILT_PRODUCTS_DIR; };
		34500DC1240482B000838A8F /* AppDelegate.swift */ = {isa = PBXFileReference; lastKnownFileType = sourcecode.swift; path = AppDelegate.swift; sourceTree = "<group>"; };
		34500DC3240482B000838A8F /* SceneDelegate.swift */ = {isa = PBXFileReference; lastKnownFileType = sourcecode.swift; path = SceneDelegate.swift; sourceTree = "<group>"; };
		34500DC5240482B000838A8F /* VendingMachine + ViewController.swift */ = {isa = PBXFileReference; lastKnownFileType = sourcecode.swift; path = "VendingMachine + ViewController.swift"; sourceTree = "<group>"; };
		34500DC8240482B000838A8F /* Base */ = {isa = PBXFileReference; lastKnownFileType = file.storyboard; name = Base; path = Base.lproj/Main.storyboard; sourceTree = "<group>"; };
		34500DCD240482B100838A8F /* Assets.xcassets */ = {isa = PBXFileReference; lastKnownFileType = folder.assetcatalog; path = Assets.xcassets; sourceTree = "<group>"; };
		34500DD0240482B100838A8F /* Base */ = {isa = PBXFileReference; lastKnownFileType = file.storyboard; name = Base; path = Base.lproj/LaunchScreen.storyboard; sourceTree = "<group>"; };
		34500DD2240482B100838A8F /* Info.plist */ = {isa = PBXFileReference; lastKnownFileType = text.plist.xml; path = Info.plist; sourceTree = "<group>"; };
		34500DD7240482B100838A8F /* VendingMachineTests.xctest */ = {isa = PBXFileReference; explicitFileType = wrapper.cfbundle; includeInIndex = 0; path = VendingMachineTests.xctest; sourceTree = BUILT_PRODUCTS_DIR; };
		34500DDB240482B100838A8F /* VendingMachineTests.swift */ = {isa = PBXFileReference; lastKnownFileType = sourcecode.swift; path = VendingMachineTests.swift; sourceTree = "<group>"; };
		34500DDD240482B100838A8F /* Info.plist */ = {isa = PBXFileReference; lastKnownFileType = text.plist.xml; path = Info.plist; sourceTree = "<group>"; };
		34500DE2240482B100838A8F /* VendingMachineUITests.xctest */ = {isa = PBXFileReference; explicitFileType = wrapper.cfbundle; includeInIndex = 0; path = VendingMachineUITests.xctest; sourceTree = BUILT_PRODUCTS_DIR; };
		34500DE6240482B100838A8F /* VendingMachineUITests.swift */ = {isa = PBXFileReference; lastKnownFileType = sourcecode.swift; path = VendingMachineUITests.swift; sourceTree = "<group>"; };
		34500DE8240482B100838A8F /* Info.plist */ = {isa = PBXFileReference; lastKnownFileType = text.plist.xml; path = Info.plist; sourceTree = "<group>"; };
		34500DF424048E2600838A8F /* VendingMachine + Presenter.swift */ = {isa = PBXFileReference; lastKnownFileType = sourcecode.swift; path = "VendingMachine + Presenter.swift"; sourceTree = "<group>"; };
		34500DF62404D84C00838A8F /* Enum.swift */ = {isa = PBXFileReference; lastKnownFileType = sourcecode.swift; path = Enum.swift; sourceTree = "<group>"; };
		34500DF82404D86400838A8F /* Constant.swift */ = {isa = PBXFileReference; lastKnownFileType = sourcecode.swift; path = Constant.swift; sourceTree = "<group>"; };
		34500DFA2404D88800838A8F /* VendingMachine + Extension.swift */ = {isa = PBXFileReference; lastKnownFileType = sourcecode.swift; path = "VendingMachine + Extension.swift"; sourceTree = "<group>"; };
		34500DFC2404D8CB00838A8F /* Model.swift */ = {isa = PBXFileReference; lastKnownFileType = sourcecode.swift; path = Model.swift; sourceTree = "<group>"; };
/* End PBXFileReference section */

/* Begin PBXFrameworksBuildPhase section */
		34500DBB240482B000838A8F /* Frameworks */ = {
			isa = PBXFrameworksBuildPhase;
			buildActionMask = 2147483647;
			files = (
			);
			runOnlyForDeploymentPostprocessing = 0;
		};
		34500DD4240482B100838A8F /* Frameworks */ = {
			isa = PBXFrameworksBuildPhase;
			buildActionMask = 2147483647;
			files = (
			);
			runOnlyForDeploymentPostprocessing = 0;
		};
		34500DDF240482B100838A8F /* Frameworks */ = {
			isa = PBXFrameworksBuildPhase;
			buildActionMask = 2147483647;
			files = (
			);
			runOnlyForDeploymentPostprocessing = 0;
		};
/* End PBXFrameworksBuildPhase section */

/* Begin PBXGroup section */
		344FA532240B318A002D2847 /* Source */ = {
			isa = PBXGroup;
			children = (
				344FA537240B31E2002D2847 /* Types */,
				344FA536240B31D1002D2847 /* Model */,
				344FA535240B31BE002D2847 /* Extension */,
				344FA534240B31B4002D2847 /* Presenters */,
				344FA533240B31A1002D2847 /* ViewControllers */,
			);
			path = Source;
			sourceTree = "<group>";
		};
		344FA533240B31A1002D2847 /* ViewControllers */ = {
			isa = PBXGroup;
			children = (
				34500DC5240482B000838A8F /* VendingMachine + ViewController.swift */,
			);
			path = ViewControllers;
			sourceTree = "<group>";
		};
		344FA534240B31B4002D2847 /* Presenters */ = {
			isa = PBXGroup;
			children = (
				34500DF424048E2600838A8F /* VendingMachine + Presenter.swift */,
			);
			path = Presenters;
			sourceTree = "<group>";
		};
		344FA535240B31BE002D2847 /* Extension */ = {
			isa = PBXGroup;
			children = (
				34500DFA2404D88800838A8F /* VendingMachine + Extension.swift */,
			);
			path = Extension;
			sourceTree = "<group>";
		};
		344FA536240B31D1002D2847 /* Model */ = {
			isa = PBXGroup;
			children = (
				34500DFC2404D8CB00838A8F /* Model.swift */,
			);
			path = Model;
			sourceTree = "<group>";
		};
		344FA537240B31E2002D2847 /* Types */ = {
			isa = PBXGroup;
			children = (
				34500DF62404D84C00838A8F /* Enum.swift */,
				34500DF82404D86400838A8F /* Constant.swift */,
			);
			path = Types;
			sourceTree = "<group>";
		};
		34500DB5240482B000838A8F = {
			isa = PBXGroup;
			children = (
				34500DC0240482B000838A8F /* VendingMachine */,
				34500DDA240482B100838A8F /* VendingMachineTests */,
				34500DE5240482B100838A8F /* VendingMachineUITests */,
				34500DBF240482B000838A8F /* Products */,
			);
			sourceTree = "<group>";
		};
		34500DBF240482B000838A8F /* Products */ = {
			isa = PBXGroup;
			children = (
				34500DBE240482B000838A8F /* VendingMachine.app */,
				34500DD7240482B100838A8F /* VendingMachineTests.xctest */,
				34500DE2240482B100838A8F /* VendingMachineUITests.xctest */,
			);
			name = Products;
			sourceTree = "<group>";
		};
		34500DC0240482B000838A8F /* VendingMachine */ = {
			isa = PBXGroup;
			children = (
				344FA532240B318A002D2847 /* Source */,
				34500DC1240482B000838A8F /* AppDelegate.swift */,
				34500DC3240482B000838A8F /* SceneDelegate.swift */,
				34500DC7240482B000838A8F /* Main.storyboard */,
				34500DCD240482B100838A8F /* Assets.xcassets */,
				34500DCF240482B100838A8F /* LaunchScreen.storyboard */,
				34500DD2240482B100838A8F /* Info.plist */,
			);
			path = VendingMachine;
			sourceTree = "<group>";
		};
		34500DDA240482B100838A8F /* VendingMachineTests */ = {
			isa = PBXGroup;
			children = (
				34500DDB240482B100838A8F /* VendingMachineTests.swift */,
				34500DDD240482B100838A8F /* Info.plist */,
			);
			path = VendingMachineTests;
			sourceTree = "<group>";
		};
		34500DE5240482B100838A8F /* VendingMachineUITests */ = {
			isa = PBXGroup;
			children = (
				34500DE6240482B100838A8F /* VendingMachineUITests.swift */,
				34500DE8240482B100838A8F /* Info.plist */,
			);
			path = VendingMachineUITests;
			sourceTree = "<group>";
		};
/* End PBXGroup section */

/* Begin PBXNativeTarget section */
		34500DBD240482B000838A8F /* VendingMachine */ = {
			isa = PBXNativeTarget;
			buildConfigurationList = 34500DEB240482B100838A8F /* Build configuration list for PBXNativeTarget "VendingMachine" */;
			buildPhases = (
				34500DBA240482B000838A8F /* Sources */,
				34500DBB240482B000838A8F /* Frameworks */,
				34500DBC240482B000838A8F /* Resources */,
			);
			buildRules = (
			);
			dependencies = (
			);
			name = VendingMachine;
			productName = VendingMachine;
			productReference = 34500DBE240482B000838A8F /* VendingMachine.app */;
			productType = "com.apple.product-type.application";
		};
		34500DD6240482B100838A8F /* VendingMachineTests */ = {
			isa = PBXNativeTarget;
			buildConfigurationList = 34500DEE240482B100838A8F /* Build configuration list for PBXNativeTarget "VendingMachineTests" */;
			buildPhases = (
				34500DD3240482B100838A8F /* Sources */,
				34500DD4240482B100838A8F /* Frameworks */,
				34500DD5240482B100838A8F /* Resources */,
			);
			buildRules = (
			);
			dependencies = (
				34500DD9240482B100838A8F /* PBXTargetDependency */,
			);
			name = VendingMachineTests;
			productName = VendingMachineTests;
			productReference = 34500DD7240482B100838A8F /* VendingMachineTests.xctest */;
			productType = "com.apple.product-type.bundle.unit-test";
		};
		34500DE1240482B100838A8F /* VendingMachineUITests */ = {
			isa = PBXNativeTarget;
			buildConfigurationList = 34500DF1240482B100838A8F /* Build configuration list for PBXNativeTarget "VendingMachineUITests" */;
			buildPhases = (
				34500DDE240482B100838A8F /* Sources */,
				34500DDF240482B100838A8F /* Frameworks */,
				34500DE0240482B100838A8F /* Resources */,
			);
			buildRules = (
			);
			dependencies = (
				34500DE4240482B100838A8F /* PBXTargetDependency */,
			);
			name = VendingMachineUITests;
			productName = VendingMachineUITests;
			productReference = 34500DE2240482B100838A8F /* VendingMachineUITests.xctest */;
			productType = "com.apple.product-type.bundle.ui-testing";
		};
/* End PBXNativeTarget section */

/* Begin PBXProject section */
		34500DB6240482B000838A8F /* Project object */ = {
			isa = PBXProject;
			attributes = {
				LastSwiftUpdateCheck = 1130;
				LastUpgradeCheck = 1130;
				ORGANIZATIONNAME = "Tuyen Le";
				TargetAttributes = {
					34500DBD240482B000838A8F = {
						CreatedOnToolsVersion = 11.3.1;
					};
					34500DD6240482B100838A8F = {
						CreatedOnToolsVersion = 11.3.1;
						TestTargetID = 34500DBD240482B000838A8F;
					};
					34500DE1240482B100838A8F = {
						CreatedOnToolsVersion = 11.3.1;
						TestTargetID = 34500DBD240482B000838A8F;
					};
				};
			};
			buildConfigurationList = 34500DB9240482B000838A8F /* Build configuration list for PBXProject "VendingMachine" */;
			compatibilityVersion = "Xcode 9.3";
			developmentRegion = en;
			hasScannedForEncodings = 0;
			knownRegions = (
				en,
				Base,
			);
			mainGroup = 34500DB5240482B000838A8F;
			productRefGroup = 34500DBF240482B000838A8F /* Products */;
			projectDirPath = "";
			projectRoot = "";
			targets = (
				34500DBD240482B000838A8F /* VendingMachine */,
				34500DD6240482B100838A8F /* VendingMachineTests */,
				34500DE1240482B100838A8F /* VendingMachineUITests */,
			);
		};
/* End PBXProject section */

/* Begin PBXResourcesBuildPhase section */
		34500DBC240482B000838A8F /* Resources */ = {
			isa = PBXResourcesBuildPhase;
			buildActionMask = 2147483647;
			files = (
				34500DD1240482B100838A8F /* LaunchScreen.storyboard in Resources */,
				34500DCE240482B100838A8F /* Assets.xcassets in Resources */,
				34500DC9240482B000838A8F /* Main.storyboard in Resources */,
			);
			runOnlyForDeploymentPostprocessing = 0;
		};
		34500DD5240482B100838A8F /* Resources */ = {
			isa = PBXResourcesBuildPhase;
			buildActionMask = 2147483647;
			files = (
			);
			runOnlyForDeploymentPostprocessing = 0;
		};
		34500DE0240482B100838A8F /* Resources */ = {
			isa = PBXResourcesBuildPhase;
			buildActionMask = 2147483647;
			files = (
			);
			runOnlyForDeploymentPostprocessing = 0;
		};
/* End PBXResourcesBuildPhase section */

/* Begin PBXSourcesBuildPhase section */
		34500DBA240482B000838A8F /* Sources */ = {
			isa = PBXSourcesBuildPhase;
			buildActionMask = 2147483647;
			files = (
				34500DFD2404D8CB00838A8F /* Model.swift in Sources */,
				34500DF92404D86400838A8F /* Constant.swift in Sources */,
				34500DC6240482B000838A8F /* VendingMachine + ViewController.swift in Sources */,
				34500DF524048E2600838A8F /* VendingMachine + Presenter.swift in Sources */,
				34500DF72404D84C00838A8F /* Enum.swift in Sources */,
				34500DC2240482B000838A8F /* AppDelegate.swift in Sources */,
				34500DC4240482B000838A8F /* SceneDelegate.swift in Sources */,
				34500DFB2404D88900838A8F /* VendingMachine + Extension.swift in Sources */,
			);
			runOnlyForDeploymentPostprocessing = 0;
		};
		34500DD3240482B100838A8F /* Sources */ = {
			isa = PBXSourcesBuildPhase;
			buildActionMask = 2147483647;
			files = (
				34500DDC240482B100838A8F /* VendingMachineTests.swift in Sources */,
			);
			runOnlyForDeploymentPostprocessing = 0;
		};
		34500DDE240482B100838A8F /* Sources */ = {
			isa = PBXSourcesBuildPhase;
			buildActionMask = 2147483647;
			files = (
				34500DE7240482B100838A8F /* VendingMachineUITests.swift in Sources */,
			);
			runOnlyForDeploymentPostprocessing = 0;
		};
/* End PBXSourcesBuildPhase section */

/* Begin PBXTargetDependency section */
		34500DD9240482B100838A8F /* PBXTargetDependency */ = {
			isa = PBXTargetDependency;
			target = 34500DBD240482B000838A8F /* VendingMachine */;
			targetProxy = 34500DD8240482B100838A8F /* PBXContainerItemProxy */;
		};
		34500DE4240482B100838A8F /* PBXTargetDependency */ = {
			isa = PBXTargetDependency;
			target = 34500DBD240482B000838A8F /* VendingMachine */;
			targetProxy = 34500DE3240482B100838A8F /* PBXContainerItemProxy */;
		};
/* End PBXTargetDependency section */

/* Begin PBXVariantGroup section */
		34500DC7240482B000838A8F /* Main.storyboard */ = {
			isa = PBXVariantGroup;
			children = (
				34500DC8240482B000838A8F /* Base */,
			);
			name = Main.storyboard;
			sourceTree = "<group>";
		};
		34500DCF240482B100838A8F /* LaunchScreen.storyboard */ = {
			isa = PBXVariantGroup;
			children = (
				34500DD0240482B100838A8F /* Base */,
			);
			name = LaunchScreen.storyboard;
			sourceTree = "<group>";
		};
/* End PBXVariantGroup section */

/* Begin XCBuildConfiguration section */
		34500DE9240482B100838A8F /* Debug */ = {
			isa = XCBuildConfiguration;
			buildSettings = {
				ALWAYS_SEARCH_USER_PATHS = NO;
				CLANG_ANALYZER_NONNULL = YES;
				CLANG_ANALYZER_NUMBER_OBJECT_CONVERSION = YES_AGGRESSIVE;
				CLANG_CXX_LANGUAGE_STANDARD = "gnu++14";
				CLANG_CXX_LIBRARY = "libc++";
				CLANG_ENABLE_MODULES = YES;
				CLANG_ENABLE_OBJC_ARC = YES;
				CLANG_ENABLE_OBJC_WEAK = YES;
				CLANG_WARN_BLOCK_CAPTURE_AUTORELEASING = YES;
				CLANG_WARN_BOOL_CONVERSION = YES;
				CLANG_WARN_COMMA = YES;
				CLANG_WARN_CONSTANT_CONVERSION = YES;
				CLANG_WARN_DEPRECATED_OBJC_IMPLEMENTATIONS = YES;
				CLANG_WARN_DIRECT_OBJC_ISA_USAGE = YES_ERROR;
				CLANG_WARN_DOCUMENTATION_COMMENTS = YES;
				CLANG_WARN_EMPTY_BODY = YES;
				CLANG_WARN_ENUM_CONVERSION = YES;
				CLANG_WARN_INFINITE_RECURSION = YES;
				CLANG_WARN_INT_CONVERSION = YES;
				CLANG_WARN_NON_LITERAL_NULL_CONVERSION = YES;
				CLANG_WARN_OBJC_IMPLICIT_RETAIN_SELF = YES;
				CLANG_WARN_OBJC_LITERAL_CONVERSION = YES;
				CLANG_WARN_OBJC_ROOT_CLASS = YES_ERROR;
				CLANG_WARN_RANGE_LOOP_ANALYSIS = YES;
				CLANG_WARN_STRICT_PROTOTYPES = YES;
				CLANG_WARN_SUSPICIOUS_MOVE = YES;
				CLANG_WARN_UNGUARDED_AVAILABILITY = YES_AGGRESSIVE;
				CLANG_WARN_UNREACHABLE_CODE = YES;
				CLANG_WARN__DUPLICATE_METHOD_MATCH = YES;
				COPY_PHASE_STRIP = NO;
				DEBUG_INFORMATION_FORMAT = dwarf;
				ENABLE_STRICT_OBJC_MSGSEND = YES;
				ENABLE_TESTABILITY = YES;
				GCC_C_LANGUAGE_STANDARD = gnu11;
				GCC_DYNAMIC_NO_PIC = NO;
				GCC_NO_COMMON_BLOCKS = YES;
				GCC_OPTIMIZATION_LEVEL = 0;
				GCC_PREPROCESSOR_DEFINITIONS = (
					"DEBUG=1",
					"$(inherited)",
				);
				GCC_WARN_64_TO_32_BIT_CONVERSION = YES;
				GCC_WARN_ABOUT_RETURN_TYPE = YES_ERROR;
				GCC_WARN_UNDECLARED_SELECTOR = YES;
				GCC_WARN_UNINITIALIZED_AUTOS = YES_AGGRESSIVE;
				GCC_WARN_UNUSED_FUNCTION = YES;
				GCC_WARN_UNUSED_VARIABLE = YES;
				IPHONEOS_DEPLOYMENT_TARGET = 13.2;
				MTL_ENABLE_DEBUG_INFO = INCLUDE_SOURCE;
				MTL_FAST_MATH = YES;
				ONLY_ACTIVE_ARCH = YES;
				SDKROOT = iphoneos;
				SWIFT_ACTIVE_COMPILATION_CONDITIONS = DEBUG;
				SWIFT_OPTIMIZATION_LEVEL = "-Onone";
			};
			name = Debug;
		};
		34500DEA240482B100838A8F /* Release */ = {
			isa = XCBuildConfiguration;
			buildSettings = {
				ALWAYS_SEARCH_USER_PATHS = NO;
				CLANG_ANALYZER_NONNULL = YES;
				CLANG_ANALYZER_NUMBER_OBJECT_CONVERSION = YES_AGGRESSIVE;
				CLANG_CXX_LANGUAGE_STANDARD = "gnu++14";
				CLANG_CXX_LIBRARY = "libc++";
				CLANG_ENABLE_MODULES = YES;
				CLANG_ENABLE_OBJC_ARC = YES;
				CLANG_ENABLE_OBJC_WEAK = YES;
				CLANG_WARN_BLOCK_CAPTURE_AUTORELEASING = YES;
				CLANG_WARN_BOOL_CONVERSION = YES;
				CLANG_WARN_COMMA = YES;
				CLANG_WARN_CONSTANT_CONVERSION = YES;
				CLANG_WARN_DEPRECATED_OBJC_IMPLEMENTATIONS = YES;
				CLANG_WARN_DIRECT_OBJC_ISA_USAGE = YES_ERROR;
				CLANG_WARN_DOCUMENTATION_COMMENTS = YES;
				CLANG_WARN_EMPTY_BODY = YES;
				CLANG_WARN_ENUM_CONVERSION = YES;
				CLANG_WARN_INFINITE_RECURSION = YES;
				CLANG_WARN_INT_CONVERSION = YES;
				CLANG_WARN_NON_LITERAL_NULL_CONVERSION = YES;
				CLANG_WARN_OBJC_IMPLICIT_RETAIN_SELF = YES;
				CLANG_WARN_OBJC_LITERAL_CONVERSION = YES;
				CLANG_WARN_OBJC_ROOT_CLASS = YES_ERROR;
				CLANG_WARN_RANGE_LOOP_ANALYSIS = YES;
				CLANG_WARN_STRICT_PROTOTYPES = YES;
				CLANG_WARN_SUSPICIOUS_MOVE = YES;
				CLANG_WARN_UNGUARDED_AVAILABILITY = YES_AGGRESSIVE;
				CLANG_WARN_UNREACHABLE_CODE = YES;
				CLANG_WARN__DUPLICATE_METHOD_MATCH = YES;
				COPY_PHASE_STRIP = NO;
				DEBUG_INFORMATION_FORMAT = "dwarf-with-dsym";
				ENABLE_NS_ASSERTIONS = NO;
				ENABLE_STRICT_OBJC_MSGSEND = YES;
				ENABLE_TESTABILITY = YES;
				GCC_C_LANGUAGE_STANDARD = gnu11;
				GCC_NO_COMMON_BLOCKS = YES;
				GCC_WARN_64_TO_32_BIT_CONVERSION = YES;
				GCC_WARN_ABOUT_RETURN_TYPE = YES_ERROR;
				GCC_WARN_UNDECLARED_SELECTOR = YES;
				GCC_WARN_UNINITIALIZED_AUTOS = YES_AGGRESSIVE;
				GCC_WARN_UNUSED_FUNCTION = YES;
				GCC_WARN_UNUSED_VARIABLE = YES;
				IPHONEOS_DEPLOYMENT_TARGET = 13.2;
				MTL_ENABLE_DEBUG_INFO = NO;
				MTL_FAST_MATH = YES;
				SDKROOT = iphoneos;
				SWIFT_COMPILATION_MODE = wholemodule;
				SWIFT_OPTIMIZATION_LEVEL = "-O";
				VALIDATE_PRODUCT = YES;
			};
			name = Release;
		};
		34500DEC240482B100838A8F /* Debug */ = {
			isa = XCBuildConfiguration;
			buildSettings = {
				ASSETCATALOG_COMPILER_APPICON_NAME = AppIcon;
				CODE_SIGN_STYLE = Automatic;
				DEVELOPMENT_TEAM = DTUTGY3V82;
				INFOPLIST_FILE = VendingMachine/Info.plist;
				LD_RUNPATH_SEARCH_PATHS = (
					"$(inherited)",
					"@executable_path/Frameworks",
				);
				PRODUCT_BUNDLE_IDENTIFIER = tintin.VendingMachine;
				PRODUCT_NAME = "$(TARGET_NAME)";
				SWIFT_VERSION = 5.0;
				TARGETED_DEVICE_FAMILY = "1,2";
			};
			name = Debug;
		};
		34500DED240482B100838A8F /* Release */ = {
			isa = XCBuildConfiguration;
			buildSettings = {
				ASSETCATALOG_COMPILER_APPICON_NAME = AppIcon;
				CODE_SIGN_STYLE = Automatic;
				DEVELOPMENT_TEAM = DTUTGY3V82;
				INFOPLIST_FILE = VendingMachine/Info.plist;
				LD_RUNPATH_SEARCH_PATHS = (
					"$(inherited)",
					"@executable_path/Frameworks",
				);
				PRODUCT_BUNDLE_IDENTIFIER = tintin.VendingMachine;
				PRODUCT_NAME = "$(TARGET_NAME)";
				SWIFT_VERSION = 5.0;
				TARGETED_DEVICE_FAMILY = "1,2";
			};
			name = Release;
		};
		34500DEF240482B100838A8F /* Debug */ = {
			isa = XCBuildConfiguration;
			buildSettings = {
				ALWAYS_EMBED_SWIFT_STANDARD_LIBRARIES = YES;
				BUNDLE_LOADER = "$(TEST_HOST)";
				CODE_SIGN_STYLE = Automatic;
				DEVELOPMENT_TEAM = DTUTGY3V82;
				INFOPLIST_FILE = VendingMachineTests/Info.plist;
				IPHONEOS_DEPLOYMENT_TARGET = 13.2;
				LD_RUNPATH_SEARCH_PATHS = (
					"$(inherited)",
					"@executable_path/Frameworks",
					"@loader_path/Frameworks",
				);
				PRODUCT_BUNDLE_IDENTIFIER = tintin.VendingMachineTests;
				PRODUCT_NAME = "$(TARGET_NAME)";
				SWIFT_VERSION = 5.0;
				TARGETED_DEVICE_FAMILY = "1,2";
				TEST_HOST = "$(BUILT_PRODUCTS_DIR)/VendingMachine.app/VendingMachine";
			};
			name = Debug;
		};
		34500DF0240482B100838A8F /* Release */ = {
			isa = XCBuildConfiguration;
			buildSettings = {
				ALWAYS_EMBED_SWIFT_STANDARD_LIBRARIES = YES;
				BUNDLE_LOADER = "$(TEST_HOST)";
				CODE_SIGN_STYLE = Automatic;
				DEVELOPMENT_TEAM = DTUTGY3V82;
				INFOPLIST_FILE = VendingMachineTests/Info.plist;
				IPHONEOS_DEPLOYMENT_TARGET = 13.2;
				LD_RUNPATH_SEARCH_PATHS = (
					"$(inherited)",
					"@executable_path/Frameworks",
					"@loader_path/Frameworks",
				);
				PRODUCT_BUNDLE_IDENTIFIER = tintin.VendingMachineTests;
				PRODUCT_NAME = "$(TARGET_NAME)";
				SWIFT_VERSION = 5.0;
				TARGETED_DEVICE_FAMILY = "1,2";
				TEST_HOST = "$(BUILT_PRODUCTS_DIR)/VendingMachine.app/VendingMachine";
			};
			name = Release;
		};
		34500DF2240482B100838A8F /* Debug */ = {
			isa = XCBuildConfiguration;
			buildSettings = {
				ALWAYS_EMBED_SWIFT_STANDARD_LIBRARIES = YES;
				CODE_SIGN_STYLE = Automatic;
				DEVELOPMENT_TEAM = DTUTGY3V82;
				INFOPLIST_FILE = VendingMachineUITests/Info.plist;
				LD_RUNPATH_SEARCH_PATHS = (
					"$(inherited)",
					"@executable_path/Frameworks",
					"@loader_path/Frameworks",
				);
				PRODUCT_BUNDLE_IDENTIFIER = tintin.VendingMachineUITests;
				PRODUCT_NAME = "$(TARGET_NAME)";
				SWIFT_VERSION = 5.0;
				TARGETED_DEVICE_FAMILY = "1,2";
				TEST_TARGET_NAME = VendingMachine;
			};
			name = Debug;
		};
		34500DF3240482B100838A8F /* Release */ = {
			isa = XCBuildConfiguration;
			buildSettings = {
				ALWAYS_EMBED_SWIFT_STANDARD_LIBRARIES = YES;
				CODE_SIGN_STYLE = Automatic;
				DEVELOPMENT_TEAM = DTUTGY3V82;
				INFOPLIST_FILE = VendingMachineUITests/Info.plist;
				LD_RUNPATH_SEARCH_PATHS = (
					"$(inherited)",
					"@executable_path/Frameworks",
					"@loader_path/Frameworks",
				);
				PRODUCT_BUNDLE_IDENTIFIER = tintin.VendingMachineUITests;
				PRODUCT_NAME = "$(TARGET_NAME)";
				SWIFT_VERSION = 5.0;
				TARGETED_DEVICE_FAMILY = "1,2";
				TEST_TARGET_NAME = VendingMachine;
			};
			name = Release;
		};
/* End XCBuildConfiguration section */

/* Begin XCConfigurationList section */
		34500DB9240482B000838A8F /* Build configuration list for PBXProject "VendingMachine" */ = {
			isa = XCConfigurationList;
			buildConfigurations = (
				34500DE9240482B100838A8F /* Debug */,
				34500DEA240482B100838A8F /* Release */,
			);
			defaultConfigurationIsVisible = 0;
			defaultConfigurationName = Release;
		};
		34500DEB240482B100838A8F /* Build configuration list for PBXNativeTarget "VendingMachine" */ = {
			isa = XCConfigurationList;
			buildConfigurations = (
				34500DEC240482B100838A8F /* Debug */,
				34500DED240482B100838A8F /* Release */,
			);
			defaultConfigurationIsVisible = 0;
			defaultConfigurationName = Release;
		};
		34500DEE240482B100838A8F /* Build configuration list for PBXNativeTarget "VendingMachineTests" */ = {
			isa = XCConfigurationList;
			buildConfigurations = (
				34500DEF240482B100838A8F /* Debug */,
				34500DF0240482B100838A8F /* Release */,
			);
			defaultConfigurationIsVisible = 0;
			defaultConfigurationName = Release;
		};
		34500DF1240482B100838A8F /* Build configuration list for PBXNativeTarget "VendingMachineUITests" */ = {
			isa = XCConfigurationList;
			buildConfigurations = (
				34500DF2240482B100838A8F /* Debug */,
				34500DF3240482B100838A8F /* Release */,
			);
			defaultConfigurationIsVisible = 0;
			defaultConfigurationName = Release;
		};
/* End XCConfigurationList section */
	};
	rootObject = 34500DB6240482B000838A8F /* Project object */;
}
